// !$*UTF8*$!
{
	archiveVersion = 1;
	classes = {
	};
	objectVersion = 56;
	objects = {

/* Begin PBXBuildFile section */
		7D03B043769F85E7DD55926D /* AddTaskButtons.swift in Sources */ = {isa = PBXBuildFile; fileRef = 7D03B78259FDE5C1BA7CAC86 /* AddTaskButtons.swift */; };
		7D03B0F7997B1FE9DEED030D /* BoardView.swift in Sources */ = {isa = PBXBuildFile; fileRef = 7D03B469B197E123BCBF6110 /* BoardView.swift */; };
		7D03B144C7590DA502C55E21 /* TaskGroup.swift in Sources */ = {isa = PBXBuildFile; fileRef = 7D03B2FCE3D7F96A4C263586 /* TaskGroup.swift */; };
		7D03B145161596F5A773EE09 /* DeleteIntent.swift in Sources */ = {isa = PBXBuildFile; fileRef = 7D03B4CBA512AEDFC4D4F706 /* DeleteIntent.swift */; };
		7D03B15A4A5893CAC2E9A349 /* EmptyNavigationLink.swift in Sources */ = {isa = PBXBuildFile; fileRef = 7D03BA84076DAFA6778E77F0 /* EmptyNavigationLink.swift */; };
		7D03B182E4EF84650D89B7BE /* TaskSheet.swift in Sources */ = {isa = PBXBuildFile; fileRef = 7D03B4EEB1470F99AA92E5D6 /* TaskSheet.swift */; };
		7D03B1940A5EDE7C845E3388 /* SheetCancelOk.swift in Sources */ = {isa = PBXBuildFile; fileRef = 7D03BA85511C38E0E6E10EB3 /* SheetCancelOk.swift */; };
		7D03B325E58CEC8F5EEE3BA2 /* DeleteBoardConfirmationDialog.swift in Sources */ = {isa = PBXBuildFile; fileRef = 7D03B61545D536BA1F4882E3 /* DeleteBoardConfirmationDialog.swift */; };
		7D03B3583AA52EAFF082ECBF /* FormTextEditor.swift in Sources */ = {isa = PBXBuildFile; fileRef = 7D03BC78CE7AEF46EAD67D0B /* FormTextEditor.swift */; };
		7D03B4803533AA66279AF0BD /* AppService.swift in Sources */ = {isa = PBXBuildFile; fileRef = 7D03BF279FEC44A69DC1B9C4 /* AppService.swift */; };
		7D03B491C4B1262AF791A0CE /* +Color.swift in Sources */ = {isa = PBXBuildFile; fileRef = 7D03B4A14320A60A3D55F327 /* +Color.swift */; };
		7D03B49AF6898765DFAFC6D9 /* SettingsView.swift in Sources */ = {isa = PBXBuildFile; fileRef = 7D03B9CD2DAFF23ECF34AF7E /* SettingsView.swift */; };
		7D03B4AD46F54CF23C5B9900 /* BehaviourSettingsView.swift in Sources */ = {isa = PBXBuildFile; fileRef = 7D03B50EDF969B993BEF7110 /* BehaviourSettingsView.swift */; };
		7D03B4B641D7519813B2A779 /* +NSTextField.swift in Sources */ = {isa = PBXBuildFile; fileRef = 7D03B259D8FD3F56E8BB72C8 /* +NSTextField.swift */; };
		7D03B4BFD994849E2846A6CB /* +Bundle.swift in Sources */ = {isa = PBXBuildFile; fileRef = 7D03B44C9E8B5E8EB31FEC0F /* +Bundle.swift */; };
		7D03B4E3B707945536BA1729 /* AppExample.swift in Sources */ = {isa = PBXBuildFile; fileRef = 7D03BB87A080431895F31A35 /* AppExample.swift */; };
		7D03B549D393F9EAF3BE5058 /* OnDragTaskGroup+DropOnTaskGroup.swift in Sources */ = {isa = PBXBuildFile; fileRef = 7D03B96B278D4FCBCC3CCD85 /* OnDragTaskGroup+DropOnTaskGroup.swift */; };
		7D03B5A4B57F0C907535AC77 /* +String.swift in Sources */ = {isa = PBXBuildFile; fileRef = 7D03B09347E3EE400E40BAF3 /* +String.swift */; };
		7D03B61ADB7BF70F9C46FBC1 /* TaskGroupView.swift in Sources */ = {isa = PBXBuildFile; fileRef = 7D03B3E5A26EBFC20E0FA2FF /* TaskGroupView.swift */; };
		7D03B621D9D8AA3AAAD075EB /* Many+DropOnTaskList.swift in Sources */ = {isa = PBXBuildFile; fileRef = 7D03BAF4A5AF00CB7F02EFD8 /* Many+DropOnTaskList.swift */; };
		7D03B648F13C243894660924 /* BoardSettingsView.swift in Sources */ = {isa = PBXBuildFile; fileRef = 7D03B29D41A599606B741FD8 /* BoardSettingsView.swift */; };
		7D03B68A7BE1677B4E198576 /* +NSColor.swift in Sources */ = {isa = PBXBuildFile; fileRef = 7D03BB8E8ECC876D07A767EB /* +NSColor.swift */; };
		7D03B692DB3864533C410B55 /* DragTaskGroupModel.swift in Sources */ = {isa = PBXBuildFile; fileRef = 7D03BADF47001F44F8D2AC11 /* DragTaskGroupModel.swift */; };
		7D03B6A82021172420CCB7E9 /* OnDragTask+DropOnTask.swift in Sources */ = {isa = PBXBuildFile; fileRef = 7D03B4C900407EA4A09F4956 /* OnDragTask+DropOnTask.swift */; };
		7D03B72DAFDFC030C8BA9473 /* Icons.swift in Sources */ = {isa = PBXBuildFile; fileRef = 7D03BA2D8D3A2892979CEC4D /* Icons.swift */; };
		7D03B73453D318E550D7382B /* EmptyBoardView.swift in Sources */ = {isa = PBXBuildFile; fileRef = 7D03BD4A62909CC852C803DB /* EmptyBoardView.swift */; };
		7D03B79E5F81A049F7859F8C /* +Binding.swift in Sources */ = {isa = PBXBuildFile; fileRef = 7D03B34CC6CE227792EEA511 /* +Binding.swift */; };
		7D03B7A0F2F48F99D91FF758 /* BoardSheet.swift in Sources */ = {isa = PBXBuildFile; fileRef = 7D03B76F9CEEA50F0FA69B9C /* BoardSheet.swift */; };
		7D03B7DB9FDAAC55E87A4952 /* Appearance.swift in Sources */ = {isa = PBXBuildFile; fileRef = 7D03BB6A204058C65591AE09 /* Appearance.swift */; };
		7D03B7DCEF533A91F520036D /* CursorUtil.swift in Sources */ = {isa = PBXBuildFile; fileRef = 7D03B59CA762D95CAB842FB2 /* CursorUtil.swift */; };
		7D03B8696D4C23E8E13BE679 /* TaskListsService.swift in Sources */ = {isa = PBXBuildFile; fileRef = 7D03B56EB2FD2C75F443311D /* TaskListsService.swift */; };
		7D03B8A09C6A5505DCF02208 /* OnDragTaskList+DropOnTaskList.swift in Sources */ = {isa = PBXBuildFile; fileRef = 7D03BFFB6D0B0B3570BE85CA /* OnDragTaskList+DropOnTaskList.swift */; };
		7D03B8A602C69FC6C4D678A1 /* OnDragBoard+DropOnBoard.swift in Sources */ = {isa = PBXBuildFile; fileRef = 7D03B3E5900580807F8E96EC /* OnDragBoard+DropOnBoard.swift */; };
		7D03B8C9F66878B619005F23 /* AppMetaData.swift in Sources */ = {isa = PBXBuildFile; fileRef = 7D03B684DF3DE8BF33A83059 /* AppMetaData.swift */; };
		7D03B987702F605266E72E50 /* TaskListViewModel.swift in Sources */ = {isa = PBXBuildFile; fileRef = 7D03BBC9A7E84C587B478DD7 /* TaskListViewModel.swift */; };
		7D03B9A1069FCBA61D976F87 /* GoldenRatio.swift in Sources */ = {isa = PBXBuildFile; fileRef = 7D03B51885376A25932BA331 /* GoldenRatio.swift */; };
		7D03B9B178CCC3A2A8EFC2C3 /* TaskListTitle.swift in Sources */ = {isa = PBXBuildFile; fileRef = 7D03B1B973AB6D46919D5EC8 /* TaskListTitle.swift */; };
		7D03B9B638A0EBD3D0E3ADD2 /* Queue.swift in Sources */ = {isa = PBXBuildFile; fileRef = 7D03BD365BEE108882BEDDAB /* Queue.swift */; };
		7D03B9CEA7B5A111FC780AC7 /* TaskGroupSheet.swift in Sources */ = {isa = PBXBuildFile; fileRef = 7D03B09A2AE36E61E0FB8BE3 /* TaskGroupSheet.swift */; };
		7D03BA2CB5F2790D9C061789 /* OnDragTask+DropOnTaskList.swift in Sources */ = {isa = PBXBuildFile; fileRef = 7D03BD1C3EB4EADD52123484 /* OnDragTask+DropOnTaskList.swift */; };
		7D03BA5516975CDAD2524322 /* AppAbout.swift in Sources */ = {isa = PBXBuildFile; fileRef = 7D03B234C6A2AEF019B23DEC /* AppAbout.swift */; };
		7D03BA85BCEE5683DDA09C1C /* DragBoardModel.swift in Sources */ = {isa = PBXBuildFile; fileRef = 7D03BEF6E68874E3D09AF550 /* DragBoardModel.swift */; };
		7D03BB6A4EEC65622BF9042F /* ForEachWithIndex.swift in Sources */ = {isa = PBXBuildFile; fileRef = 7D03B193AB1259F3657599C8 /* ForEachWithIndex.swift */; };
		7D03BBD95B70D6DC2FB340DA /* AllTaskListsViewModel.swift in Sources */ = {isa = PBXBuildFile; fileRef = 7D03B6451F894C8CFFCEDBF0 /* AllTaskListsViewModel.swift */; };
		7D03BC097D0E3AE50DF17B2C /* ModelPairOpt.swift in Sources */ = {isa = PBXBuildFile; fileRef = 7D03B64F79B5D59731E7CC52 /* ModelPairOpt.swift */; };
		7D03BC8F759F232BCAFC584C /* TaskListSheet.swift in Sources */ = {isa = PBXBuildFile; fileRef = 7D03B191C896E8D67F0C0D47 /* TaskListSheet.swift */; };
		7D03BC9B315070DFC389D443 /* TaskView.swift in Sources */ = {isa = PBXBuildFile; fileRef = 7D03B68DC1F4B87FC1CAFFFF /* TaskView.swift */; };
		7D03BCCD2596C77BCE5E3E2E /* DragTaskModel.swift in Sources */ = {isa = PBXBuildFile; fileRef = 7D03B14A68751AAC5D272B96 /* DragTaskModel.swift */; };
		7D03BCD5CB8BA290455A012F /* SheetHeader.swift in Sources */ = {isa = PBXBuildFile; fileRef = 7D03B1AD6AD241827D16B350 /* SheetHeader.swift */; };
		7D03BD2C5475666281008AA7 /* Many+DropOnTaskGroup.swift in Sources */ = {isa = PBXBuildFile; fileRef = 7D03B5C3F59970E44E843962 /* Many+DropOnTaskGroup.swift */; };
		7D03BD84D9EBACEE1F6C8230 /* FormLabel.swift in Sources */ = {isa = PBXBuildFile; fileRef = 7D03B2C11409AFBC9AC03FC1 /* FormLabel.swift */; };
		7D03BE40A06D7BE3FFE6F1C4 /* Task.swift in Sources */ = {isa = PBXBuildFile; fileRef = 7D03BE65175A370C62B6DB0F /* Task.swift */; };
		7D03BE857E39DDF2288F3AD4 /* TaskListView.swift in Sources */ = {isa = PBXBuildFile; fileRef = 7D03B20FD00D4C5C3E7CDA28 /* TaskListView.swift */; };
		7D03BE8D77B09B5F10AC0EEF /* SideBarUtil.swift in Sources */ = {isa = PBXBuildFile; fileRef = 7D03B446D34F3ED98A635B29 /* SideBarUtil.swift */; };
		7D03BEDFB1BFA730E6A00C43 /* ModelOpt.swift in Sources */ = {isa = PBXBuildFile; fileRef = 7D03BADE1BAF8E85B5381366 /* ModelOpt.swift */; };
		7D03BF0A2FB0C2F5ACBEEBE4 /* LazyView.swift in Sources */ = {isa = PBXBuildFile; fileRef = 7D03BBDB2A745E19FFF676EB /* LazyView.swift */; };
		7D03BF12788898A51BABB868 /* OnDragTask+DropOnTaskGroup.swift in Sources */ = {isa = PBXBuildFile; fileRef = 7D03B54A842C5D571B17995E /* OnDragTask+DropOnTaskGroup.swift */; };
		7D03BF542BC1E71E0FCC55C1 /* SplitView.swift in Sources */ = {isa = PBXBuildFile; fileRef = 7D03BB5E9C05793D02AE89E8 /* SplitView.swift */; };
		7D03BF8820DEBA790AB2D178 /* ZeroBoardsView.swift in Sources */ = {isa = PBXBuildFile; fileRef = 7D03BADA2C833841E673870C /* ZeroBoardsView.swift */; };
		7D03BFADE9D0AC4E84E2A512 /* DragTaskListModel.swift in Sources */ = {isa = PBXBuildFile; fileRef = 7D03BEB725DEA0FB5654CE08 /* DragTaskListModel.swift */; };
		C7062FF228F080EC00001DEE /* PeriodicoDisplay-Bd.ttf in CopyFiles */ = {isa = PBXBuildFile; fileRef = C7062FF028F0806300001DEE /* PeriodicoDisplay-Bd.ttf */; };
		C7062FF428F0831500001DEE /* +View+RoundedCorners.swift in Sources */ = {isa = PBXBuildFile; fileRef = C7062FF328F0831500001DEE /* +View+RoundedCorners.swift */; };
		C7062FF628F087D100001DEE /* PeriodicoDisplay-Rg.ttf in CopyFiles */ = {isa = PBXBuildFile; fileRef = C7062FF528F087B000001DEE /* PeriodicoDisplay-Rg.ttf */; };
		C748A23028E5C29C00B07CDF /* MainView.swift in Sources */ = {isa = PBXBuildFile; fileRef = C748A22F28E5C29C00B07CDF /* MainView.swift */; };
		C74B223528EACD1900FCF55E /* MacTextEditor.swift in Sources */ = {isa = PBXBuildFile; fileRef = C74B223428EACD1900FCF55E /* MacTextEditor.swift */; };
		C74B444628EAA3410026029A /* +NSTextView.swift in Sources */ = {isa = PBXBuildFile; fileRef = C74B444528EAA3410026029A /* +NSTextView.swift */; };
		C7652BAB28F6CA4800AB1F52 /* Credits.html in Resources */ = {isa = PBXBuildFile; fileRef = C7652BAA28F6CA4800AB1F52 /* Credits.html */; };
		C7652BAF28F6DCAE00AB1F52 /* DeleteTaskListConfirmationDialog.swift in Sources */ = {isa = PBXBuildFile; fileRef = C7652BAE28F6DCAE00AB1F52 /* DeleteTaskListConfirmationDialog.swift */; };
		C7652BB128F6DE2000AB1F52 /* DeleteTaskGroupConfirmationDialog.swift in Sources */ = {isa = PBXBuildFile; fileRef = C7652BB028F6DE2000AB1F52 /* DeleteTaskGroupConfirmationDialog.swift */; };
		C7652BB328F6E51600AB1F52 /* DeleteTaskConfirmationDialog.swift in Sources */ = {isa = PBXBuildFile; fileRef = C7652BB228F6E51600AB1F52 /* DeleteTaskConfirmationDialog.swift */; };
		C76E165C28FFE05B00CA7185 /* AppUpgrade.swift in Sources */ = {isa = PBXBuildFile; fileRef = C76E165B28FFE05B00CA7185 /* AppUpgrade.swift */; };
		C76FBD8728EAD1E700442B24 /* FormTextField.swift in Sources */ = {isa = PBXBuildFile; fileRef = C76FBD8628EAD1E700442B24 /* FormTextField.swift */; };
		C76FBD8928EAE15400442B24 /* TaskListButton.swift in Sources */ = {isa = PBXBuildFile; fileRef = C76FBD8828EAE15400442B24 /* TaskListButton.swift */; };
		C76FBD8D28EAE4B500442B24 /* +View.swift in Sources */ = {isa = PBXBuildFile; fileRef = C76FBD8C28EAE4B500442B24 /* +View.swift */; };
		C7830B3128E7A31400F3BF75 /* Colors.swift in Sources */ = {isa = PBXBuildFile; fileRef = C7830B3028E7A31400F3BF75 /* Colors.swift */; };
		C7830B3328E7A59300F3BF75 /* Typography.swift in Sources */ = {isa = PBXBuildFile; fileRef = C7830B3228E7A59300F3BF75 /* Typography.swift */; };
		C78776D8291027DD0016185B /* FormDescription.swift in Sources */ = {isa = PBXBuildFile; fileRef = C78776D7291027DD0016185B /* FormDescription.swift */; };
		C7887E1828E1EB32008DCA58 /* Services.swift in Sources */ = {isa = PBXBuildFile; fileRef = C7887E1728E1EB32008DCA58 /* Services.swift */; };
		C7887E1A28E1EC53008DCA58 /* BoardsService.swift in Sources */ = {isa = PBXBuildFile; fileRef = C7887E1928E1EC53008DCA58 /* BoardsService.swift */; };
		C7C0AA7928F365AA00DE836D /* ColorCheckBox.swift in Sources */ = {isa = PBXBuildFile; fileRef = C7C0AA7828F365AA00DE836D /* ColorCheckBox.swift */; };
		C7C0AA7B28F365E100DE836D /* TaskColorRadioButtons.swift in Sources */ = {isa = PBXBuildFile; fileRef = C7C0AA7A28F365E100DE836D /* TaskColorRadioButtons.swift */; };
		C7E1081228E0E93900445362 /* ClmnApp.swift in Sources */ = {isa = PBXBuildFile; fileRef = C7E1081128E0E93900445362 /* ClmnApp.swift */; };
		C7E1081628E0E93A00445362 /* Assets.xcassets in Resources */ = {isa = PBXBuildFile; fileRef = C7E1081528E0E93A00445362 /* Assets.xcassets */; };
		C7E1081928E0E93A00445362 /* Preview Assets.xcassets in Resources */ = {isa = PBXBuildFile; fileRef = C7E1081828E0E93A00445362 /* Preview Assets.xcassets */; };
		C7E1082228E0E9EB00445362 /* Board.swift in Sources */ = {isa = PBXBuildFile; fileRef = C7E1082128E0E9EB00445362 /* Board.swift */; };
		C7E1082628E0EA8800445362 /* TaskList.swift in Sources */ = {isa = PBXBuildFile; fileRef = C7E1082528E0EA8800445362 /* TaskList.swift */; };
		C7E1082828E0EAF200445362 /* AllBoardsViewModel.swift in Sources */ = {isa = PBXBuildFile; fileRef = C7E1082728E0EAF200445362 /* AllBoardsViewModel.swift */; };
		C7E1082B28E0EB6500445362 /* +Array.swift in Sources */ = {isa = PBXBuildFile; fileRef = C7E1082A28E0EB6500445362 /* +Array.swift */; };
		C7E1083028E0EEB700445362 /* Fridge in Frameworks */ = {isa = PBXBuildFile; productRef = C7E1082F28E0EEB700445362 /* Fridge */; };
		C7F53BBB28F0C00F00864E0E /* +View+Placeholder.swift in Sources */ = {isa = PBXBuildFile; fileRef = C7F53BBA28F0C00F00864E0E /* +View+Placeholder.swift */; };
/* End PBXBuildFile section */

/* Begin PBXCopyFilesBuildPhase section */
		C7062FF128F080D200001DEE /* CopyFiles */ = {
			isa = PBXCopyFilesBuildPhase;
			buildActionMask = 2147483647;
			dstPath = Fonts;
			dstSubfolderSpec = 7;
			files = (
				C7062FF628F087D100001DEE /* PeriodicoDisplay-Rg.ttf in CopyFiles */,
				C7062FF228F080EC00001DEE /* PeriodicoDisplay-Bd.ttf in CopyFiles */,
			);
			runOnlyForDeploymentPostprocessing = 0;
		};
/* End PBXCopyFilesBuildPhase section */

/* Begin PBXFileReference section */
		7D03B09347E3EE400E40BAF3 /* +String.swift */ = {isa = PBXFileReference; fileEncoding = 4; lastKnownFileType = sourcecode.swift; path = "+String.swift"; sourceTree = "<group>"; };
		7D03B09A2AE36E61E0FB8BE3 /* TaskGroupSheet.swift */ = {isa = PBXFileReference; fileEncoding = 4; lastKnownFileType = sourcecode.swift; path = TaskGroupSheet.swift; sourceTree = "<group>"; };
		7D03B14A68751AAC5D272B96 /* DragTaskModel.swift */ = {isa = PBXFileReference; fileEncoding = 4; lastKnownFileType = sourcecode.swift; path = DragTaskModel.swift; sourceTree = "<group>"; };
		7D03B191C896E8D67F0C0D47 /* TaskListSheet.swift */ = {isa = PBXFileReference; fileEncoding = 4; lastKnownFileType = sourcecode.swift; path = TaskListSheet.swift; sourceTree = "<group>"; };
		7D03B193AB1259F3657599C8 /* ForEachWithIndex.swift */ = {isa = PBXFileReference; fileEncoding = 4; lastKnownFileType = sourcecode.swift; path = ForEachWithIndex.swift; sourceTree = "<group>"; };
		7D03B1AD6AD241827D16B350 /* SheetHeader.swift */ = {isa = PBXFileReference; fileEncoding = 4; lastKnownFileType = sourcecode.swift; path = SheetHeader.swift; sourceTree = "<group>"; };
		7D03B1B973AB6D46919D5EC8 /* TaskListTitle.swift */ = {isa = PBXFileReference; fileEncoding = 4; lastKnownFileType = sourcecode.swift; path = TaskListTitle.swift; sourceTree = "<group>"; };
		7D03B20FD00D4C5C3E7CDA28 /* TaskListView.swift */ = {isa = PBXFileReference; fileEncoding = 4; lastKnownFileType = sourcecode.swift; path = TaskListView.swift; sourceTree = "<group>"; };
		7D03B234C6A2AEF019B23DEC /* AppAbout.swift */ = {isa = PBXFileReference; fileEncoding = 4; lastKnownFileType = sourcecode.swift; path = AppAbout.swift; sourceTree = "<group>"; };
		7D03B259D8FD3F56E8BB72C8 /* +NSTextField.swift */ = {isa = PBXFileReference; fileEncoding = 4; lastKnownFileType = sourcecode.swift; path = "+NSTextField.swift"; sourceTree = "<group>"; };
		7D03B29D41A599606B741FD8 /* BoardSettingsView.swift */ = {isa = PBXFileReference; fileEncoding = 4; lastKnownFileType = sourcecode.swift; path = BoardSettingsView.swift; sourceTree = "<group>"; };
		7D03B2C11409AFBC9AC03FC1 /* FormLabel.swift */ = {isa = PBXFileReference; fileEncoding = 4; lastKnownFileType = sourcecode.swift; path = FormLabel.swift; sourceTree = "<group>"; };
		7D03B2FCE3D7F96A4C263586 /* TaskGroup.swift */ = {isa = PBXFileReference; fileEncoding = 4; lastKnownFileType = sourcecode.swift; path = TaskGroup.swift; sourceTree = "<group>"; };
		7D03B34CC6CE227792EEA511 /* +Binding.swift */ = {isa = PBXFileReference; fileEncoding = 4; lastKnownFileType = sourcecode.swift; path = "+Binding.swift"; sourceTree = "<group>"; };
		7D03B3E5900580807F8E96EC /* OnDragBoard+DropOnBoard.swift */ = {isa = PBXFileReference; fileEncoding = 4; lastKnownFileType = sourcecode.swift; path = "OnDragBoard+DropOnBoard.swift"; sourceTree = "<group>"; };
		7D03B3E5A26EBFC20E0FA2FF /* TaskGroupView.swift */ = {isa = PBXFileReference; fileEncoding = 4; lastKnownFileType = sourcecode.swift; path = TaskGroupView.swift; sourceTree = "<group>"; };
		7D03B446D34F3ED98A635B29 /* SideBarUtil.swift */ = {isa = PBXFileReference; fileEncoding = 4; lastKnownFileType = sourcecode.swift; path = SideBarUtil.swift; sourceTree = "<group>"; };
		7D03B44C9E8B5E8EB31FEC0F /* +Bundle.swift */ = {isa = PBXFileReference; fileEncoding = 4; lastKnownFileType = sourcecode.swift; path = "+Bundle.swift"; sourceTree = "<group>"; };
		7D03B469B197E123BCBF6110 /* BoardView.swift */ = {isa = PBXFileReference; fileEncoding = 4; lastKnownFileType = sourcecode.swift; path = BoardView.swift; sourceTree = "<group>"; };
		7D03B4A14320A60A3D55F327 /* +Color.swift */ = {isa = PBXFileReference; fileEncoding = 4; lastKnownFileType = sourcecode.swift; path = "+Color.swift"; sourceTree = "<group>"; };
		7D03B4C900407EA4A09F4956 /* OnDragTask+DropOnTask.swift */ = {isa = PBXFileReference; fileEncoding = 4; lastKnownFileType = sourcecode.swift; path = "OnDragTask+DropOnTask.swift"; sourceTree = "<group>"; };
		7D03B4CBA512AEDFC4D4F706 /* DeleteIntent.swift */ = {isa = PBXFileReference; fileEncoding = 4; lastKnownFileType = sourcecode.swift; path = DeleteIntent.swift; sourceTree = "<group>"; };
		7D03B4EEB1470F99AA92E5D6 /* TaskSheet.swift */ = {isa = PBXFileReference; fileEncoding = 4; lastKnownFileType = sourcecode.swift; path = TaskSheet.swift; sourceTree = "<group>"; };
		7D03B50EDF969B993BEF7110 /* BehaviourSettingsView.swift */ = {isa = PBXFileReference; fileEncoding = 4; lastKnownFileType = sourcecode.swift; path = BehaviourSettingsView.swift; sourceTree = "<group>"; };
		7D03B51885376A25932BA331 /* GoldenRatio.swift */ = {isa = PBXFileReference; fileEncoding = 4; lastKnownFileType = sourcecode.swift; path = GoldenRatio.swift; sourceTree = "<group>"; };
		7D03B54A842C5D571B17995E /* OnDragTask+DropOnTaskGroup.swift */ = {isa = PBXFileReference; fileEncoding = 4; lastKnownFileType = sourcecode.swift; path = "OnDragTask+DropOnTaskGroup.swift"; sourceTree = "<group>"; };
		7D03B56EB2FD2C75F443311D /* TaskListsService.swift */ = {isa = PBXFileReference; fileEncoding = 4; lastKnownFileType = sourcecode.swift; path = TaskListsService.swift; sourceTree = "<group>"; };
		7D03B59CA762D95CAB842FB2 /* CursorUtil.swift */ = {isa = PBXFileReference; fileEncoding = 4; lastKnownFileType = sourcecode.swift; path = CursorUtil.swift; sourceTree = "<group>"; };
		7D03B5C3F59970E44E843962 /* Many+DropOnTaskGroup.swift */ = {isa = PBXFileReference; fileEncoding = 4; lastKnownFileType = sourcecode.swift; path = "Many+DropOnTaskGroup.swift"; sourceTree = "<group>"; };
		7D03B61545D536BA1F4882E3 /* DeleteBoardConfirmationDialog.swift */ = {isa = PBXFileReference; fileEncoding = 4; lastKnownFileType = sourcecode.swift; path = DeleteBoardConfirmationDialog.swift; sourceTree = "<group>"; };
		7D03B6451F894C8CFFCEDBF0 /* AllTaskListsViewModel.swift */ = {isa = PBXFileReference; fileEncoding = 4; lastKnownFileType = sourcecode.swift; path = AllTaskListsViewModel.swift; sourceTree = "<group>"; };
		7D03B64F79B5D59731E7CC52 /* ModelPairOpt.swift */ = {isa = PBXFileReference; fileEncoding = 4; lastKnownFileType = sourcecode.swift; path = ModelPairOpt.swift; sourceTree = "<group>"; };
		7D03B684DF3DE8BF33A83059 /* AppMetaData.swift */ = {isa = PBXFileReference; fileEncoding = 4; lastKnownFileType = sourcecode.swift; path = AppMetaData.swift; sourceTree = "<group>"; };
		7D03B68DC1F4B87FC1CAFFFF /* TaskView.swift */ = {isa = PBXFileReference; fileEncoding = 4; lastKnownFileType = sourcecode.swift; path = TaskView.swift; sourceTree = "<group>"; };
		7D03B76F9CEEA50F0FA69B9C /* BoardSheet.swift */ = {isa = PBXFileReference; fileEncoding = 4; lastKnownFileType = sourcecode.swift; path = BoardSheet.swift; sourceTree = "<group>"; };
		7D03B78259FDE5C1BA7CAC86 /* AddTaskButtons.swift */ = {isa = PBXFileReference; fileEncoding = 4; lastKnownFileType = sourcecode.swift; path = AddTaskButtons.swift; sourceTree = "<group>"; };
		7D03B96B278D4FCBCC3CCD85 /* OnDragTaskGroup+DropOnTaskGroup.swift */ = {isa = PBXFileReference; fileEncoding = 4; lastKnownFileType = sourcecode.swift; path = "OnDragTaskGroup+DropOnTaskGroup.swift"; sourceTree = "<group>"; };
		7D03B9CD2DAFF23ECF34AF7E /* SettingsView.swift */ = {isa = PBXFileReference; fileEncoding = 4; lastKnownFileType = sourcecode.swift; path = SettingsView.swift; sourceTree = "<group>"; };
		7D03BA2D8D3A2892979CEC4D /* Icons.swift */ = {isa = PBXFileReference; fileEncoding = 4; lastKnownFileType = sourcecode.swift; path = Icons.swift; sourceTree = "<group>"; };
		7D03BA84076DAFA6778E77F0 /* EmptyNavigationLink.swift */ = {isa = PBXFileReference; fileEncoding = 4; lastKnownFileType = sourcecode.swift; path = EmptyNavigationLink.swift; sourceTree = "<group>"; };
		7D03BA85511C38E0E6E10EB3 /* SheetCancelOk.swift */ = {isa = PBXFileReference; fileEncoding = 4; lastKnownFileType = sourcecode.swift; path = SheetCancelOk.swift; sourceTree = "<group>"; };
		7D03BADA2C833841E673870C /* ZeroBoardsView.swift */ = {isa = PBXFileReference; fileEncoding = 4; lastKnownFileType = sourcecode.swift; path = ZeroBoardsView.swift; sourceTree = "<group>"; };
		7D03BADE1BAF8E85B5381366 /* ModelOpt.swift */ = {isa = PBXFileReference; fileEncoding = 4; lastKnownFileType = sourcecode.swift; path = ModelOpt.swift; sourceTree = "<group>"; };
		7D03BADF47001F44F8D2AC11 /* DragTaskGroupModel.swift */ = {isa = PBXFileReference; fileEncoding = 4; lastKnownFileType = sourcecode.swift; path = DragTaskGroupModel.swift; sourceTree = "<group>"; };
		7D03BAF4A5AF00CB7F02EFD8 /* Many+DropOnTaskList.swift */ = {isa = PBXFileReference; fileEncoding = 4; lastKnownFileType = sourcecode.swift; path = "Many+DropOnTaskList.swift"; sourceTree = "<group>"; };
		7D03BB5E9C05793D02AE89E8 /* SplitView.swift */ = {isa = PBXFileReference; fileEncoding = 4; lastKnownFileType = sourcecode.swift; path = SplitView.swift; sourceTree = "<group>"; };
		7D03BB6A204058C65591AE09 /* Appearance.swift */ = {isa = PBXFileReference; fileEncoding = 4; lastKnownFileType = sourcecode.swift; path = Appearance.swift; sourceTree = "<group>"; };
		7D03BB87A080431895F31A35 /* AppExample.swift */ = {isa = PBXFileReference; fileEncoding = 4; lastKnownFileType = sourcecode.swift; path = AppExample.swift; sourceTree = "<group>"; };
		7D03BB8E8ECC876D07A767EB /* +NSColor.swift */ = {isa = PBXFileReference; fileEncoding = 4; lastKnownFileType = sourcecode.swift; path = "+NSColor.swift"; sourceTree = "<group>"; };
		7D03BBC9A7E84C587B478DD7 /* TaskListViewModel.swift */ = {isa = PBXFileReference; fileEncoding = 4; lastKnownFileType = sourcecode.swift; path = TaskListViewModel.swift; sourceTree = "<group>"; };
		7D03BBDB2A745E19FFF676EB /* LazyView.swift */ = {isa = PBXFileReference; fileEncoding = 4; lastKnownFileType = sourcecode.swift; path = LazyView.swift; sourceTree = "<group>"; };
		7D03BC78CE7AEF46EAD67D0B /* FormTextEditor.swift */ = {isa = PBXFileReference; fileEncoding = 4; lastKnownFileType = sourcecode.swift; path = FormTextEditor.swift; sourceTree = "<group>"; };
		7D03BD1C3EB4EADD52123484 /* OnDragTask+DropOnTaskList.swift */ = {isa = PBXFileReference; fileEncoding = 4; lastKnownFileType = sourcecode.swift; path = "OnDragTask+DropOnTaskList.swift"; sourceTree = "<group>"; };
		7D03BD365BEE108882BEDDAB /* Queue.swift */ = {isa = PBXFileReference; fileEncoding = 4; lastKnownFileType = sourcecode.swift; path = Queue.swift; sourceTree = "<group>"; };
		7D03BD4A62909CC852C803DB /* EmptyBoardView.swift */ = {isa = PBXFileReference; fileEncoding = 4; lastKnownFileType = sourcecode.swift; path = EmptyBoardView.swift; sourceTree = "<group>"; };
		7D03BE65175A370C62B6DB0F /* Task.swift */ = {isa = PBXFileReference; fileEncoding = 4; lastKnownFileType = sourcecode.swift; path = Task.swift; sourceTree = "<group>"; };
		7D03BEB725DEA0FB5654CE08 /* DragTaskListModel.swift */ = {isa = PBXFileReference; fileEncoding = 4; lastKnownFileType = sourcecode.swift; path = DragTaskListModel.swift; sourceTree = "<group>"; };
		7D03BEF6E68874E3D09AF550 /* DragBoardModel.swift */ = {isa = PBXFileReference; fileEncoding = 4; lastKnownFileType = sourcecode.swift; path = DragBoardModel.swift; sourceTree = "<group>"; };
		7D03BF279FEC44A69DC1B9C4 /* AppService.swift */ = {isa = PBXFileReference; fileEncoding = 4; lastKnownFileType = sourcecode.swift; path = AppService.swift; sourceTree = "<group>"; };
		7D03BFFB6D0B0B3570BE85CA /* OnDragTaskList+DropOnTaskList.swift */ = {isa = PBXFileReference; fileEncoding = 4; lastKnownFileType = sourcecode.swift; path = "OnDragTaskList+DropOnTaskList.swift"; sourceTree = "<group>"; };
		C7062FF028F0806300001DEE /* PeriodicoDisplay-Bd.ttf */ = {isa = PBXFileReference; lastKnownFileType = file; path = "PeriodicoDisplay-Bd.ttf"; sourceTree = "<group>"; };
		C7062FF328F0831500001DEE /* +View+RoundedCorners.swift */ = {isa = PBXFileReference; lastKnownFileType = sourcecode.swift; path = "+View+RoundedCorners.swift"; sourceTree = "<group>"; };
		C7062FF528F087B000001DEE /* PeriodicoDisplay-Rg.ttf */ = {isa = PBXFileReference; lastKnownFileType = file; path = "PeriodicoDisplay-Rg.ttf"; sourceTree = "<group>"; };
		C748A22F28E5C29C00B07CDF /* MainView.swift */ = {isa = PBXFileReference; lastKnownFileType = sourcecode.swift; path = MainView.swift; sourceTree = "<group>"; };
		C74B223428EACD1900FCF55E /* MacTextEditor.swift */ = {isa = PBXFileReference; lastKnownFileType = sourcecode.swift; path = MacTextEditor.swift; sourceTree = "<group>"; };
		C74B444528EAA3410026029A /* +NSTextView.swift */ = {isa = PBXFileReference; lastKnownFileType = sourcecode.swift; path = "+NSTextView.swift"; sourceTree = "<group>"; };
		C7574A7628E84AEC003567D8 /* Info.plist */ = {isa = PBXFileReference; lastKnownFileType = text.plist; path = Info.plist; sourceTree = "<group>"; };
		C7652BAA28F6CA4800AB1F52 /* Credits.html */ = {isa = PBXFileReference; lastKnownFileType = text.html; path = Credits.html; sourceTree = "<group>"; };
		C7652BAE28F6DCAE00AB1F52 /* DeleteTaskListConfirmationDialog.swift */ = {isa = PBXFileReference; lastKnownFileType = sourcecode.swift; path = DeleteTaskListConfirmationDialog.swift; sourceTree = "<group>"; };
		C7652BB028F6DE2000AB1F52 /* DeleteTaskGroupConfirmationDialog.swift */ = {isa = PBXFileReference; lastKnownFileType = sourcecode.swift; path = DeleteTaskGroupConfirmationDialog.swift; sourceTree = "<group>"; };
		C7652BB228F6E51600AB1F52 /* DeleteTaskConfirmationDialog.swift */ = {isa = PBXFileReference; lastKnownFileType = sourcecode.swift; path = DeleteTaskConfirmationDialog.swift; sourceTree = "<group>"; };
		C76E165B28FFE05B00CA7185 /* AppUpgrade.swift */ = {isa = PBXFileReference; lastKnownFileType = sourcecode.swift; path = AppUpgrade.swift; sourceTree = "<group>"; };
		C76FBD8628EAD1E700442B24 /* FormTextField.swift */ = {isa = PBXFileReference; lastKnownFileType = sourcecode.swift; path = FormTextField.swift; sourceTree = "<group>"; };
		C76FBD8828EAE15400442B24 /* TaskListButton.swift */ = {isa = PBXFileReference; lastKnownFileType = sourcecode.swift; path = TaskListButton.swift; sourceTree = "<group>"; };
		C76FBD8C28EAE4B500442B24 /* +View.swift */ = {isa = PBXFileReference; lastKnownFileType = sourcecode.swift; path = "+View.swift"; sourceTree = "<group>"; };
		C7830B3028E7A31400F3BF75 /* Colors.swift */ = {isa = PBXFileReference; lastKnownFileType = sourcecode.swift; path = Colors.swift; sourceTree = "<group>"; };
		C7830B3228E7A59300F3BF75 /* Typography.swift */ = {isa = PBXFileReference; lastKnownFileType = sourcecode.swift; path = Typography.swift; sourceTree = "<group>"; };
		C78776D7291027DD0016185B /* FormDescription.swift */ = {isa = PBXFileReference; lastKnownFileType = sourcecode.swift; path = FormDescription.swift; sourceTree = "<group>"; };
		C7887E1728E1EB32008DCA58 /* Services.swift */ = {isa = PBXFileReference; lastKnownFileType = sourcecode.swift; path = Services.swift; sourceTree = "<group>"; };
		C7887E1928E1EC53008DCA58 /* BoardsService.swift */ = {isa = PBXFileReference; lastKnownFileType = sourcecode.swift; path = BoardsService.swift; sourceTree = "<group>"; };
		C7C0AA7828F365AA00DE836D /* ColorCheckBox.swift */ = {isa = PBXFileReference; lastKnownFileType = sourcecode.swift; path = ColorCheckBox.swift; sourceTree = "<group>"; };
		C7C0AA7A28F365E100DE836D /* TaskColorRadioButtons.swift */ = {isa = PBXFileReference; lastKnownFileType = sourcecode.swift; path = TaskColorRadioButtons.swift; sourceTree = "<group>"; };
		C7E1080E28E0E93900445362 /* Clmn.app */ = {isa = PBXFileReference; explicitFileType = wrapper.application; includeInIndex = 0; path = Clmn.app; sourceTree = BUILT_PRODUCTS_DIR; };
		C7E1081128E0E93900445362 /* ClmnApp.swift */ = {isa = PBXFileReference; lastKnownFileType = sourcecode.swift; path = ClmnApp.swift; sourceTree = "<group>"; };
		C7E1081528E0E93A00445362 /* Assets.xcassets */ = {isa = PBXFileReference; lastKnownFileType = folder.assetcatalog; path = Assets.xcassets; sourceTree = "<group>"; };
		C7E1081828E0E93A00445362 /* Preview Assets.xcassets */ = {isa = PBXFileReference; lastKnownFileType = folder.assetcatalog; path = "Preview Assets.xcassets"; sourceTree = "<group>"; };
		C7E1081A28E0E93A00445362 /* Clmn.entitlements */ = {isa = PBXFileReference; lastKnownFileType = text.plist.entitlements; path = Clmn.entitlements; sourceTree = "<group>"; };
		C7E1082128E0E9EB00445362 /* Board.swift */ = {isa = PBXFileReference; lastKnownFileType = sourcecode.swift; path = Board.swift; sourceTree = "<group>"; };
		C7E1082528E0EA8800445362 /* TaskList.swift */ = {isa = PBXFileReference; lastKnownFileType = sourcecode.swift; path = TaskList.swift; sourceTree = "<group>"; };
		C7E1082728E0EAF200445362 /* AllBoardsViewModel.swift */ = {isa = PBXFileReference; lastKnownFileType = sourcecode.swift; path = AllBoardsViewModel.swift; sourceTree = "<group>"; };
		C7E1082A28E0EB6500445362 /* +Array.swift */ = {isa = PBXFileReference; lastKnownFileType = sourcecode.swift; path = "+Array.swift"; sourceTree = "<group>"; };
		C7F53BBA28F0C00F00864E0E /* +View+Placeholder.swift */ = {isa = PBXFileReference; lastKnownFileType = sourcecode.swift; path = "+View+Placeholder.swift"; sourceTree = "<group>"; };
/* End PBXFileReference section */

/* Begin PBXFrameworksBuildPhase section */
		C7E1080B28E0E93900445362 /* Frameworks */ = {
			isa = PBXFrameworksBuildPhase;
			buildActionMask = 2147483647;
			files = (
				C7E1083028E0EEB700445362 /* Fridge in Frameworks */,
			);
			runOnlyForDeploymentPostprocessing = 0;
		};
/* End PBXFrameworksBuildPhase section */

/* Begin PBXGroup section */
		7D03B2B8362267362DB7559A /* Main */ = {
			isa = PBXGroup;
			children = (
				C748A22F28E5C29C00B07CDF /* MainView.swift */,
				7D03B61545D536BA1F4882E3 /* DeleteBoardConfirmationDialog.swift */,
				7D03BADA2C833841E673870C /* ZeroBoardsView.swift */,
				7D03BB5E9C05793D02AE89E8 /* SplitView.swift */,
			);
			path = Main;
			sourceTree = "<group>";
		};
		7D03B499388AFC97154E547D /* TaskList */ = {
			isa = PBXGroup;
			children = (
				7D03B191C896E8D67F0C0D47 /* TaskListSheet.swift */,
				7D03B20FD00D4C5C3E7CDA28 /* TaskListView.swift */,
				7D03B1B973AB6D46919D5EC8 /* TaskListTitle.swift */,
				C76FBD8828EAE15400442B24 /* TaskListButton.swift */,
				C7652BAE28F6DCAE00AB1F52 /* DeleteTaskListConfirmationDialog.swift */,
			);
			path = TaskList;
			sourceTree = "<group>";
		};
		7D03B5EFEE0BDA7BAB16CC0D /* Task */ = {
			isa = PBXGroup;
			children = (
				7D03B68DC1F4B87FC1CAFFFF /* TaskView.swift */,
				7D03B4EEB1470F99AA92E5D6 /* TaskSheet.swift */,
				C7C0AA7A28F365E100DE836D /* TaskColorRadioButtons.swift */,
				7D03B78259FDE5C1BA7CAC86 /* AddTaskButtons.swift */,
				C7652BB228F6E51600AB1F52 /* DeleteTaskConfirmationDialog.swift */,
			);
			path = Task;
			sourceTree = "<group>";
		};
		7D03B89F0088C23FE0BE9B53 /* TaskGroup */ = {
			isa = PBXGroup;
			children = (
				7D03B3E5A26EBFC20E0FA2FF /* TaskGroupView.swift */,
				7D03B09A2AE36E61E0FB8BE3 /* TaskGroupSheet.swift */,
				C7652BB028F6DE2000AB1F52 /* DeleteTaskGroupConfirmationDialog.swift */,
			);
			path = TaskGroup;
			sourceTree = "<group>";
		};
		7D03B8D4B4C4009C4E640F27 /* DragDrop */ = {
			isa = PBXGroup;
			children = (
				7D03B14A68751AAC5D272B96 /* DragTaskModel.swift */,
				7D03BADF47001F44F8D2AC11 /* DragTaskGroupModel.swift */,
				7D03BEB725DEA0FB5654CE08 /* DragTaskListModel.swift */,
				7D03B54A842C5D571B17995E /* OnDragTask+DropOnTaskGroup.swift */,
				7D03B5C3F59970E44E843962 /* Many+DropOnTaskGroup.swift */,
				7D03B96B278D4FCBCC3CCD85 /* OnDragTaskGroup+DropOnTaskGroup.swift */,
				7D03BFFB6D0B0B3570BE85CA /* OnDragTaskList+DropOnTaskList.swift */,
				7D03B4C900407EA4A09F4956 /* OnDragTask+DropOnTask.swift */,
				7D03BD1C3EB4EADD52123484 /* OnDragTask+DropOnTaskList.swift */,
				7D03BAF4A5AF00CB7F02EFD8 /* Many+DropOnTaskList.swift */,
				7D03BEF6E68874E3D09AF550 /* DragBoardModel.swift */,
				7D03B3E5900580807F8E96EC /* OnDragBoard+DropOnBoard.swift */,
			);
			path = DragDrop;
			sourceTree = "<group>";
		};
		7D03BA79E9CE056E6FB671EC /* Components */ = {
			isa = PBXGroup;
			children = (
				C76FBD8528EAD1CE00442B24 /* Form */,
				7D03B1AD6AD241827D16B350 /* SheetHeader.swift */,
				7D03BA85511C38E0E6E10EB3 /* SheetCancelOk.swift */,
				C74B223428EACD1900FCF55E /* MacTextEditor.swift */,
				C7C0AA7828F365AA00DE836D /* ColorCheckBox.swift */,
			);
			path = Components;
			sourceTree = "<group>";
		};
		7D03BBDECECF1F922A2E5F8D /* Board */ = {
			isa = PBXGroup;
			children = (
				7D03B469B197E123BCBF6110 /* BoardView.swift */,
				7D03BD4A62909CC852C803DB /* EmptyBoardView.swift */,
				7D03B76F9CEEA50F0FA69B9C /* BoardSheet.swift */,
			);
			path = Board;
			sourceTree = "<group>";
		};
		7D03BC59E5104B0E1EB9EB08 /* Settings */ = {
			isa = PBXGroup;
			children = (
				7D03B9CD2DAFF23ECF34AF7E /* SettingsView.swift */,
				7D03B29D41A599606B741FD8 /* BoardSettingsView.swift */,
				7D03B50EDF969B993BEF7110 /* BehaviourSettingsView.swift */,
			);
			path = Settings;
			sourceTree = "<group>";
		};
		7D03BD1C4545C4E9EA3F5372 /* Util */ = {
			isa = PBXGroup;
			children = (
				7D03BA2D8D3A2892979CEC4D /* Icons.swift */,
				7D03B446D34F3ED98A635B29 /* SideBarUtil.swift */,
				7D03B4CBA512AEDFC4D4F706 /* DeleteIntent.swift */,
				7D03BD365BEE108882BEDDAB /* Queue.swift */,
				7D03B193AB1259F3657599C8 /* ForEachWithIndex.swift */,
				7D03BBDB2A745E19FFF676EB /* LazyView.swift */,
				7D03BA84076DAFA6778E77F0 /* EmptyNavigationLink.swift */,
				7D03B59CA762D95CAB842FB2 /* CursorUtil.swift */,
			);
			path = Util;
			sourceTree = "<group>";
		};
		7D03BDCF99210CE9D53534C9 /* UI */ = {
			isa = PBXGroup;
			children = (
				7D03BB6A204058C65591AE09 /* Appearance.swift */,
				7D03B51885376A25932BA331 /* GoldenRatio.swift */,
				C7830B3028E7A31400F3BF75 /* Colors.swift */,
				C7830B3228E7A59300F3BF75 /* Typography.swift */,
			);
			path = UI;
			sourceTree = "<group>";
		};
		7D03BF69ABD75297D602AB58 /* About */ = {
			isa = PBXGroup;
			children = (
				7D03B234C6A2AEF019B23DEC /* AppAbout.swift */,
			);
			path = About;
			sourceTree = "<group>";
		};
		C7062FEF28F0804700001DEE /* Fonts */ = {
			isa = PBXGroup;
			children = (
				C7062FF528F087B000001DEE /* PeriodicoDisplay-Rg.ttf */,
				C7062FF028F0806300001DEE /* PeriodicoDisplay-Bd.ttf */,
			);
			path = Fonts;
			sourceTree = "<group>";
		};
		C76FBD8528EAD1CE00442B24 /* Form */ = {
			isa = PBXGroup;
			children = (
				7D03B2C11409AFBC9AC03FC1 /* FormLabel.swift */,
				7D03BC78CE7AEF46EAD67D0B /* FormTextEditor.swift */,
				C76FBD8628EAD1E700442B24 /* FormTextField.swift */,
				C78776D7291027DD0016185B /* FormDescription.swift */,
			);
			path = Form;
			sourceTree = "<group>";
		};
		C7887E1628E1E9B5008DCA58 /* Services */ = {
			isa = PBXGroup;
			children = (
				C7887E1728E1EB32008DCA58 /* Services.swift */,
				C7887E1928E1EC53008DCA58 /* BoardsService.swift */,
				7D03B56EB2FD2C75F443311D /* TaskListsService.swift */,
				7D03BF279FEC44A69DC1B9C4 /* AppService.swift */,
			);
			path = Services;
			sourceTree = "<group>";
		};
		C7E1080528E0E93900445362 = {
			isa = PBXGroup;
			children = (
				C7E1081028E0E93900445362 /* Clmn */,
				C7E1080F28E0E93900445362 /* Products */,
			);
			sourceTree = "<group>";
		};
		C7E1080F28E0E93900445362 /* Products */ = {
			isa = PBXGroup;
			children = (
				C7E1080E28E0E93900445362 /* Clmn.app */,
			);
			name = Products;
			sourceTree = "<group>";
		};
		C7E1081028E0E93900445362 /* Clmn */ = {
			isa = PBXGroup;
			children = (
				C7574A7628E84AEC003567D8 /* Info.plist */,
				C7062FEF28F0804700001DEE /* Fonts */,
				C7887E1628E1E9B5008DCA58 /* Services */,
				C7E1082028E0E9D900445362 /* Models */,
				C7E1082428E0EA4A00445362 /* ViewModels */,
				C7E1082328E0EA3A00445362 /* Views */,
				7D03BDCF99210CE9D53534C9 /* UI */,
				7D03BA79E9CE056E6FB671EC /* Components */,
				C7E1082928E0EB5000445362 /* Library */,
				7D03BD1C4545C4E9EA3F5372 /* Util */,
				C7E1081128E0E93900445362 /* ClmnApp.swift */,
				C7E1081528E0E93A00445362 /* Assets.xcassets */,
				C7E1081A28E0E93A00445362 /* Clmn.entitlements */,
				7D03BB87A080431895F31A35 /* AppExample.swift */,
				C7652BAA28F6CA4800AB1F52 /* Credits.html */,
				C7E1081728E0E93A00445362 /* Preview Content */,
				C76E165B28FFE05B00CA7185 /* AppUpgrade.swift */,
			);
			path = Clmn;
			sourceTree = "<group>";
		};
		C7E1081728E0E93A00445362 /* Preview Content */ = {
			isa = PBXGroup;
			children = (
				C7E1081828E0E93A00445362 /* Preview Assets.xcassets */,
			);
			path = "Preview Content";
			sourceTree = "<group>";
		};
		C7E1082028E0E9D900445362 /* Models */ = {
			isa = PBXGroup;
			children = (
				C7E1082128E0E9EB00445362 /* Board.swift */,
				C7E1082528E0EA8800445362 /* TaskList.swift */,
				7D03BE65175A370C62B6DB0F /* Task.swift */,
				7D03BADE1BAF8E85B5381366 /* ModelOpt.swift */,
				7D03B2FCE3D7F96A4C263586 /* TaskGroup.swift */,
				7D03B64F79B5D59731E7CC52 /* ModelPairOpt.swift */,
				7D03B684DF3DE8BF33A83059 /* AppMetaData.swift */,
			);
			path = Models;
			sourceTree = "<group>";
		};
		C7E1082328E0EA3A00445362 /* Views */ = {
			isa = PBXGroup;
			children = (
				7D03BBDECECF1F922A2E5F8D /* Board */,
				7D03B2B8362267362DB7559A /* Main */,
				7D03B499388AFC97154E547D /* TaskList */,
				7D03B89F0088C23FE0BE9B53 /* TaskGroup */,
				7D03B5EFEE0BDA7BAB16CC0D /* Task */,
				7D03BC59E5104B0E1EB9EB08 /* Settings */,
				7D03B8D4B4C4009C4E640F27 /* DragDrop */,
				7D03BF69ABD75297D602AB58 /* About */,
			);
			path = Views;
			sourceTree = "<group>";
		};
		C7E1082428E0EA4A00445362 /* ViewModels */ = {
			isa = PBXGroup;
			children = (
				C7E1082728E0EAF200445362 /* AllBoardsViewModel.swift */,
				7D03B6451F894C8CFFCEDBF0 /* AllTaskListsViewModel.swift */,
				7D03BBC9A7E84C587B478DD7 /* TaskListViewModel.swift */,
			);
			path = ViewModels;
			sourceTree = "<group>";
		};
		C7E1082928E0EB5000445362 /* Library */ = {
			isa = PBXGroup;
			children = (
				C7E1082A28E0EB6500445362 /* +Array.swift */,
				7D03B44C9E8B5E8EB31FEC0F /* +Bundle.swift */,
				7D03B4A14320A60A3D55F327 /* +Color.swift */,
				7D03B09347E3EE400E40BAF3 /* +String.swift */,
				7D03B259D8FD3F56E8BB72C8 /* +NSTextField.swift */,
				C74B444528EAA3410026029A /* +NSTextView.swift */,
				C76FBD8C28EAE4B500442B24 /* +View.swift */,
				C7062FF328F0831500001DEE /* +View+RoundedCorners.swift */,
				C7F53BBA28F0C00F00864E0E /* +View+Placeholder.swift */,
				7D03B34CC6CE227792EEA511 /* +Binding.swift */,
				7D03BB8E8ECC876D07A767EB /* +NSColor.swift */,
			);
			path = Library;
			sourceTree = "<group>";
		};
/* End PBXGroup section */

/* Begin PBXNativeTarget section */
		C7E1080D28E0E93900445362 /* Clmn */ = {
			isa = PBXNativeTarget;
			buildConfigurationList = C7E1081D28E0E93A00445362 /* Build configuration list for PBXNativeTarget "Clmn" */;
			buildPhases = (
				C7E1080A28E0E93900445362 /* Sources */,
				C7E1080B28E0E93900445362 /* Frameworks */,
				C7E1080C28E0E93900445362 /* Resources */,
				C7062FF128F080D200001DEE /* CopyFiles */,
			);
			buildRules = (
			);
			dependencies = (
			);
			name = Clmn;
			packageProductDependencies = (
				C7E1082F28E0EEB700445362 /* Fridge */,
			);
			productName = Clmn;
			productReference = C7E1080E28E0E93900445362 /* Clmn.app */;
			productType = "com.apple.product-type.application";
		};
/* End PBXNativeTarget section */

/* Begin PBXProject section */
		C7E1080628E0E93900445362 /* Project object */ = {
			isa = PBXProject;
			attributes = {
				BuildIndependentTargetsInParallel = 1;
				LastSwiftUpdateCheck = 1400;
				LastUpgradeCheck = 1400;
				TargetAttributes = {
					C7E1080D28E0E93900445362 = {
						CreatedOnToolsVersion = 14.0;
					};
				};
			};
			buildConfigurationList = C7E1080928E0E93900445362 /* Build configuration list for PBXProject "Clmn" */;
			compatibilityVersion = "Xcode 14.0";
			developmentRegion = en;
			hasScannedForEncodings = 0;
			knownRegions = (
				en,
				Base,
			);
			mainGroup = C7E1080528E0E93900445362;
			packageReferences = (
				C7E1082E28E0EEB700445362 /* XCRemoteSwiftPackageReference "Fridge" */,
			);
			productRefGroup = C7E1080F28E0E93900445362 /* Products */;
			projectDirPath = "";
			projectRoot = "";
			targets = (
				C7E1080D28E0E93900445362 /* Clmn */,
			);
		};
/* End PBXProject section */

/* Begin PBXResourcesBuildPhase section */
		C7E1080C28E0E93900445362 /* Resources */ = {
			isa = PBXResourcesBuildPhase;
			buildActionMask = 2147483647;
			files = (
				C7E1081928E0E93A00445362 /* Preview Assets.xcassets in Resources */,
				C7652BAB28F6CA4800AB1F52 /* Credits.html in Resources */,
				C7E1081628E0E93A00445362 /* Assets.xcassets in Resources */,
			);
			runOnlyForDeploymentPostprocessing = 0;
		};
/* End PBXResourcesBuildPhase section */

/* Begin PBXSourcesBuildPhase section */
		C7E1080A28E0E93900445362 /* Sources */ = {
			isa = PBXSourcesBuildPhase;
			buildActionMask = 2147483647;
			files = (
				C7E1082628E0EA8800445362 /* TaskList.swift in Sources */,
				C7830B3128E7A31400F3BF75 /* Colors.swift in Sources */,
				C748A23028E5C29C00B07CDF /* MainView.swift in Sources */,
				C7F53BBB28F0C00F00864E0E /* +View+Placeholder.swift in Sources */,
				C7E1082828E0EAF200445362 /* AllBoardsViewModel.swift in Sources */,
				C76E165C28FFE05B00CA7185 /* AppUpgrade.swift in Sources */,
				C7E1082B28E0EB6500445362 /* +Array.swift in Sources */,
				C7830B3328E7A59300F3BF75 /* Typography.swift in Sources */,
				C7C0AA7B28F365E100DE836D /* TaskColorRadioButtons.swift in Sources */,
				C7887E1828E1EB32008DCA58 /* Services.swift in Sources */,
				C7E1081228E0E93900445362 /* ClmnApp.swift in Sources */,
				C7652BB328F6E51600AB1F52 /* DeleteTaskConfirmationDialog.swift in Sources */,
				C7E1082228E0E9EB00445362 /* Board.swift in Sources */,
				C7887E1A28E1EC53008DCA58 /* BoardsService.swift in Sources */,
				7D03B0F7997B1FE9DEED030D /* BoardView.swift in Sources */,
				7D03B73453D318E550D7382B /* EmptyBoardView.swift in Sources */,
				7D03BBD95B70D6DC2FB340DA /* AllTaskListsViewModel.swift in Sources */,
				7D03BE40A06D7BE3FFE6F1C4 /* Task.swift in Sources */,
				7D03B72DAFDFC030C8BA9473 /* Icons.swift in Sources */,
				C76FBD8728EAD1E700442B24 /* FormTextField.swift in Sources */,
				C78776D8291027DD0016185B /* FormDescription.swift in Sources */,
				7D03BE8D77B09B5F10AC0EEF /* SideBarUtil.swift in Sources */,
				7D03B7A0F2F48F99D91FF758 /* BoardSheet.swift in Sources */,
				C7062FF428F0831500001DEE /* +View+RoundedCorners.swift in Sources */,
				7D03BCD5CB8BA290455A012F /* SheetHeader.swift in Sources */,
				7D03BEDFB1BFA730E6A00C43 /* ModelOpt.swift in Sources */,
				C76FBD8928EAE15400442B24 /* TaskListButton.swift in Sources */,
				7D03B4BFD994849E2846A6CB /* +Bundle.swift in Sources */,
				7D03B8696D4C23E8E13BE679 /* TaskListsService.swift in Sources */,
				7D03B491C4B1262AF791A0CE /* +Color.swift in Sources */,
				7D03B5A4B57F0C907535AC77 /* +String.swift in Sources */,
				C76FBD8D28EAE4B500442B24 /* +View.swift in Sources */,
				C74B444628EAA3410026029A /* +NSTextView.swift in Sources */,
				7D03B7DB9FDAAC55E87A4952 /* Appearance.swift in Sources */,
				7D03BC8F759F232BCAFC584C /* TaskListSheet.swift in Sources */,
				7D03BD84D9EBACEE1F6C8230 /* FormLabel.swift in Sources */,
				C7652BB128F6DE2000AB1F52 /* DeleteTaskGroupConfirmationDialog.swift in Sources */,
				7D03B1940A5EDE7C845E3388 /* SheetCancelOk.swift in Sources */,
				7D03B9A1069FCBA61D976F87 /* GoldenRatio.swift in Sources */,
				7D03BE857E39DDF2288F3AD4 /* TaskListView.swift in Sources */,
				7D03B4B641D7519813B2A779 /* +NSTextField.swift in Sources */,
				7D03B9B178CCC3A2A8EFC2C3 /* TaskListTitle.swift in Sources */,
				7D03B325E58CEC8F5EEE3BA2 /* DeleteBoardConfirmationDialog.swift in Sources */,
				C74B223528EACD1900FCF55E /* MacTextEditor.swift in Sources */,
				C7C0AA7928F365AA00DE836D /* ColorCheckBox.swift in Sources */,
				7D03B145161596F5A773EE09 /* DeleteIntent.swift in Sources */,
				7D03B3583AA52EAFF082ECBF /* FormTextEditor.swift in Sources */,
				7D03BC9B315070DFC389D443 /* TaskView.swift in Sources */,
				7D03B144C7590DA502C55E21 /* TaskGroup.swift in Sources */,
				7D03B987702F605266E72E50 /* TaskListViewModel.swift in Sources */,
				7D03B182E4EF84650D89B7BE /* TaskSheet.swift in Sources */,
				7D03B9B638A0EBD3D0E3ADD2 /* Queue.swift in Sources */,
				7D03B61ADB7BF70F9C46FBC1 /* TaskGroupView.swift in Sources */,
				7D03BB6A4EEC65622BF9042F /* ForEachWithIndex.swift in Sources */,
				7D03B9CEA7B5A111FC780AC7 /* TaskGroupSheet.swift in Sources */,
				7D03BC097D0E3AE50DF17B2C /* ModelPairOpt.swift in Sources */,
				7D03BCCD2596C77BCE5E3E2E /* DragTaskModel.swift in Sources */,
				7D03B692DB3864533C410B55 /* DragTaskGroupModel.swift in Sources */,
				7D03BFADE9D0AC4E84E2A512 /* DragTaskListModel.swift in Sources */,
				7D03BF12788898A51BABB868 /* OnDragTask+DropOnTaskGroup.swift in Sources */,
				7D03BD2C5475666281008AA7 /* Many+DropOnTaskGroup.swift in Sources */,
				7D03B549D393F9EAF3BE5058 /* OnDragTaskGroup+DropOnTaskGroup.swift in Sources */,
				7D03B8A09C6A5505DCF02208 /* OnDragTaskList+DropOnTaskList.swift in Sources */,
				7D03B6A82021172420CCB7E9 /* OnDragTask+DropOnTask.swift in Sources */,
				7D03B4E3B707945536BA1729 /* AppExample.swift in Sources */,
				7D03BF0A2FB0C2F5ACBEEBE4 /* LazyView.swift in Sources */,
				7D03BF8820DEBA790AB2D178 /* ZeroBoardsView.swift in Sources */,
				7D03B15A4A5893CAC2E9A349 /* EmptyNavigationLink.swift in Sources */,
				7D03BA2CB5F2790D9C061789 /* OnDragTask+DropOnTaskList.swift in Sources */,
				7D03B621D9D8AA3AAAD075EB /* Many+DropOnTaskList.swift in Sources */,
				7D03B79E5F81A049F7859F8C /* +Binding.swift in Sources */,
				C7652BAF28F6DCAE00AB1F52 /* DeleteTaskListConfirmationDialog.swift in Sources */,
				7D03B7DCEF533A91F520036D /* CursorUtil.swift in Sources */,
				7D03B043769F85E7DD55926D /* AddTaskButtons.swift in Sources */,
				7D03B8C9F66878B619005F23 /* AppMetaData.swift in Sources */,
				7D03B4803533AA66279AF0BD /* AppService.swift in Sources */,
				7D03B49AF6898765DFAFC6D9 /* SettingsView.swift in Sources */,
				7D03B648F13C243894660924 /* BoardSettingsView.swift in Sources */,
				7D03B68A7BE1677B4E198576 /* +NSColor.swift in Sources */,
				7D03BF542BC1E71E0FCC55C1 /* SplitView.swift in Sources */,
				7D03BA5516975CDAD2524322 /* AppAbout.swift in Sources */,
				7D03B4AD46F54CF23C5B9900 /* BehaviourSettingsView.swift in Sources */,
				7D03BA85BCEE5683DDA09C1C /* DragBoardModel.swift in Sources */,
				7D03B8A602C69FC6C4D678A1 /* OnDragBoard+DropOnBoard.swift in Sources */,
			);
			runOnlyForDeploymentPostprocessing = 0;
		};
/* End PBXSourcesBuildPhase section */

/* Begin XCBuildConfiguration section */
		C7E1081B28E0E93A00445362 /* Debug */ = {
			isa = XCBuildConfiguration;
			buildSettings = {
				ALWAYS_SEARCH_USER_PATHS = NO;
				CLANG_ANALYZER_NONNULL = YES;
				CLANG_ANALYZER_NUMBER_OBJECT_CONVERSION = YES_AGGRESSIVE;
				CLANG_CXX_LANGUAGE_STANDARD = "gnu++20";
				CLANG_ENABLE_MODULES = YES;
				CLANG_ENABLE_OBJC_ARC = YES;
				CLANG_ENABLE_OBJC_WEAK = YES;
				CLANG_WARN_BLOCK_CAPTURE_AUTORELEASING = YES;
				CLANG_WARN_BOOL_CONVERSION = YES;
				CLANG_WARN_COMMA = YES;
				CLANG_WARN_CONSTANT_CONVERSION = YES;
				CLANG_WARN_DEPRECATED_OBJC_IMPLEMENTATIONS = YES;
				CLANG_WARN_DIRECT_OBJC_ISA_USAGE = YES_ERROR;
				CLANG_WARN_DOCUMENTATION_COMMENTS = YES;
				CLANG_WARN_EMPTY_BODY = YES;
				CLANG_WARN_ENUM_CONVERSION = YES;
				CLANG_WARN_INFINITE_RECURSION = YES;
				CLANG_WARN_INT_CONVERSION = YES;
				CLANG_WARN_NON_LITERAL_NULL_CONVERSION = YES;
				CLANG_WARN_OBJC_IMPLICIT_RETAIN_SELF = YES;
				CLANG_WARN_OBJC_LITERAL_CONVERSION = YES;
				CLANG_WARN_OBJC_ROOT_CLASS = YES_ERROR;
				CLANG_WARN_QUOTED_INCLUDE_IN_FRAMEWORK_HEADER = YES;
				CLANG_WARN_RANGE_LOOP_ANALYSIS = YES;
				CLANG_WARN_STRICT_PROTOTYPES = YES;
				CLANG_WARN_SUSPICIOUS_MOVE = YES;
				CLANG_WARN_UNGUARDED_AVAILABILITY = YES_AGGRESSIVE;
				CLANG_WARN_UNREACHABLE_CODE = YES;
				CLANG_WARN__DUPLICATE_METHOD_MATCH = YES;
				COPY_PHASE_STRIP = NO;
				DEAD_CODE_STRIPPING = YES;
				DEBUG_INFORMATION_FORMAT = dwarf;
				ENABLE_STRICT_OBJC_MSGSEND = YES;
				ENABLE_TESTABILITY = YES;
				GCC_C_LANGUAGE_STANDARD = gnu11;
				GCC_DYNAMIC_NO_PIC = NO;
				GCC_NO_COMMON_BLOCKS = YES;
				GCC_OPTIMIZATION_LEVEL = 0;
				GCC_PREPROCESSOR_DEFINITIONS = (
					"DEBUG=1",
					"$(inherited)",
				);
				GCC_WARN_64_TO_32_BIT_CONVERSION = YES;
				GCC_WARN_ABOUT_RETURN_TYPE = YES_ERROR;
				GCC_WARN_UNDECLARED_SELECTOR = YES;
				GCC_WARN_UNINITIALIZED_AUTOS = YES_AGGRESSIVE;
				GCC_WARN_UNUSED_FUNCTION = YES;
				GCC_WARN_UNUSED_VARIABLE = YES;
				MACOSX_DEPLOYMENT_TARGET = 12.0;
				MTL_ENABLE_DEBUG_INFO = INCLUDE_SOURCE;
				MTL_FAST_MATH = YES;
				ONLY_ACTIVE_ARCH = YES;
				SDKROOT = macosx;
				SWIFT_ACTIVE_COMPILATION_CONDITIONS = DEBUG;
				SWIFT_OPTIMIZATION_LEVEL = "-Onone";
			};
			name = Debug;
		};
		C7E1081C28E0E93A00445362 /* Release */ = {
			isa = XCBuildConfiguration;
			buildSettings = {
				ALWAYS_SEARCH_USER_PATHS = NO;
				CLANG_ANALYZER_NONNULL = YES;
				CLANG_ANALYZER_NUMBER_OBJECT_CONVERSION = YES_AGGRESSIVE;
				CLANG_CXX_LANGUAGE_STANDARD = "gnu++20";
				CLANG_ENABLE_MODULES = YES;
				CLANG_ENABLE_OBJC_ARC = YES;
				CLANG_ENABLE_OBJC_WEAK = YES;
				CLANG_WARN_BLOCK_CAPTURE_AUTORELEASING = YES;
				CLANG_WARN_BOOL_CONVERSION = YES;
				CLANG_WARN_COMMA = YES;
				CLANG_WARN_CONSTANT_CONVERSION = YES;
				CLANG_WARN_DEPRECATED_OBJC_IMPLEMENTATIONS = YES;
				CLANG_WARN_DIRECT_OBJC_ISA_USAGE = YES_ERROR;
				CLANG_WARN_DOCUMENTATION_COMMENTS = YES;
				CLANG_WARN_EMPTY_BODY = YES;
				CLANG_WARN_ENUM_CONVERSION = YES;
				CLANG_WARN_INFINITE_RECURSION = YES;
				CLANG_WARN_INT_CONVERSION = YES;
				CLANG_WARN_NON_LITERAL_NULL_CONVERSION = YES;
				CLANG_WARN_OBJC_IMPLICIT_RETAIN_SELF = YES;
				CLANG_WARN_OBJC_LITERAL_CONVERSION = YES;
				CLANG_WARN_OBJC_ROOT_CLASS = YES_ERROR;
				CLANG_WARN_QUOTED_INCLUDE_IN_FRAMEWORK_HEADER = YES;
				CLANG_WARN_RANGE_LOOP_ANALYSIS = YES;
				CLANG_WARN_STRICT_PROTOTYPES = YES;
				CLANG_WARN_SUSPICIOUS_MOVE = YES;
				CLANG_WARN_UNGUARDED_AVAILABILITY = YES_AGGRESSIVE;
				CLANG_WARN_UNREACHABLE_CODE = YES;
				CLANG_WARN__DUPLICATE_METHOD_MATCH = YES;
				COPY_PHASE_STRIP = NO;
				DEAD_CODE_STRIPPING = YES;
				DEBUG_INFORMATION_FORMAT = "dwarf-with-dsym";
				ENABLE_NS_ASSERTIONS = NO;
				ENABLE_STRICT_OBJC_MSGSEND = YES;
				GCC_C_LANGUAGE_STANDARD = gnu11;
				GCC_NO_COMMON_BLOCKS = YES;
				GCC_WARN_64_TO_32_BIT_CONVERSION = YES;
				GCC_WARN_ABOUT_RETURN_TYPE = YES_ERROR;
				GCC_WARN_UNDECLARED_SELECTOR = YES;
				GCC_WARN_UNINITIALIZED_AUTOS = YES_AGGRESSIVE;
				GCC_WARN_UNUSED_FUNCTION = YES;
				GCC_WARN_UNUSED_VARIABLE = YES;
				MACOSX_DEPLOYMENT_TARGET = 12.0;
				MTL_ENABLE_DEBUG_INFO = NO;
				MTL_FAST_MATH = YES;
				ONLY_ACTIVE_ARCH = YES;
				SDKROOT = macosx;
				SWIFT_COMPILATION_MODE = wholemodule;
				SWIFT_OPTIMIZATION_LEVEL = "-O";
			};
			name = Release;
		};
		C7E1081E28E0E93A00445362 /* Debug */ = {
			isa = XCBuildConfiguration;
			buildSettings = {
				ASSETCATALOG_COMPILER_APPICON_NAME = AppIcon;
				ASSETCATALOG_COMPILER_GLOBAL_ACCENT_COLOR_NAME = AccentColor;
				CODE_SIGN_ENTITLEMENTS = Clmn/Clmn.entitlements;
				CODE_SIGN_IDENTITY = "-";
				CODE_SIGN_STYLE = Automatic;
				COMBINE_HIDPI_IMAGES = YES;
				CURRENT_PROJECT_VERSION = 1;
				DEAD_CODE_STRIPPING = YES;
				DEVELOPMENT_ASSET_PATHS = "\"Clmn/Preview Content\"";
				ENABLE_PREVIEWS = YES;
				GENERATE_INFOPLIST_FILE = YES;
				INFOPLIST_FILE = Clmn/Info.plist;
				INFOPLIST_KEY_CFBundleDisplayName = Clmn;
				INFOPLIST_KEY_LSApplicationCategoryType = "public.app-category.productivity";
				INFOPLIST_KEY_NSHumanReadableCopyright = "";
				LD_RUNPATH_SEARCH_PATHS = (
					"$(inherited)",
					"@executable_path/../Frameworks",
				);
				MACOSX_DEPLOYMENT_TARGET = 12.0;
				MARKETING_VERSION = 1.0.1;
				PRODUCT_BUNDLE_IDENTIFIER = ac.obl.clmn;
				PRODUCT_NAME = "$(TARGET_NAME)";
				SWIFT_EMIT_LOC_STRINGS = YES;
				SWIFT_VERSION = 5.0;
			};
			name = Debug;
		};
		C7E1081F28E0E93A00445362 /* Release */ = {
			isa = XCBuildConfiguration;
			buildSettings = {
				ASSETCATALOG_COMPILER_APPICON_NAME = AppIcon;
				ASSETCATALOG_COMPILER_GLOBAL_ACCENT_COLOR_NAME = AccentColor;
				CODE_SIGN_ENTITLEMENTS = Clmn/Clmn.entitlements;
				CODE_SIGN_IDENTITY = "-";
				CODE_SIGN_STYLE = Automatic;
				COMBINE_HIDPI_IMAGES = YES;
				CURRENT_PROJECT_VERSION = 1;
				DEAD_CODE_STRIPPING = YES;
				DEVELOPMENT_ASSET_PATHS = "\"Clmn/Preview Content\"";
				ENABLE_PREVIEWS = YES;
				GENERATE_INFOPLIST_FILE = YES;
				INFOPLIST_FILE = Clmn/Info.plist;
				INFOPLIST_KEY_CFBundleDisplayName = Clmn;
				INFOPLIST_KEY_LSApplicationCategoryType = "public.app-category.productivity";
				INFOPLIST_KEY_NSHumanReadableCopyright = "";
				LD_RUNPATH_SEARCH_PATHS = (
					"$(inherited)",
					"@executable_path/../Frameworks",
				);
				MACOSX_DEPLOYMENT_TARGET = 12.0;
				MARKETING_VERSION = 1.0.1;
				PRODUCT_BUNDLE_IDENTIFIER = ac.obl.clmn;
				PRODUCT_NAME = "$(TARGET_NAME)";
				SWIFT_EMIT_LOC_STRINGS = YES;
				SWIFT_VERSION = 5.0;
			};
			name = Release;
		};
/* End XCBuildConfiguration section */

/* Begin XCConfigurationList section */
		C7E1080928E0E93900445362 /* Build configuration list for PBXProject "Clmn" */ = {
			isa = XCConfigurationList;
			buildConfigurations = (
				C7E1081B28E0E93A00445362 /* Debug */,
				C7E1081C28E0E93A00445362 /* Release */,
			);
			defaultConfigurationIsVisible = 0;
			defaultConfigurationName = Release;
		};
		C7E1081D28E0E93A00445362 /* Build configuration list for PBXNativeTarget "Clmn" */ = {
			isa = XCConfigurationList;
			buildConfigurations = (
				C7E1081E28E0E93A00445362 /* Debug */,
				C7E1081F28E0E93A00445362 /* Release */,
			);
			defaultConfigurationIsVisible = 0;
			defaultConfigurationName = Release;
		};
/* End XCConfigurationList section */

/* Begin XCRemoteSwiftPackageReference section */
		C7E1082E28E0EEB700445362 /* XCRemoteSwiftPackageReference "Fridge" */ = {
			isa = XCRemoteSwiftPackageReference;
			repositoryURL = "https://github.com/vexy/Fridge";
			requirement = {
				branch = main;
				kind = branch;
			};
		};
/* End XCRemoteSwiftPackageReference section */

/* Begin XCSwiftPackageProductDependency section */
		C7E1082F28E0EEB700445362 /* Fridge */ = {
			isa = XCSwiftPackageProductDependency;
			package = C7E1082E28E0EEB700445362 /* XCRemoteSwiftPackageReference "Fridge" */;
			productName = Fridge;
		};
/* End XCSwiftPackageProductDependency section */
	};
	rootObject = C7E1080628E0E93900445362 /* Project object */;
}
